speakeasyVersion: 1.788.1
sources:
    Margen Attack-Data API:
        sourceNamespace: margen-attack-data-api
        sourceRevisionDigest: sha256:0bed76e2dcd4faf95bd464f83655a1f8fbd99d4612d259df87435bc3c7bc5787
        sourceBlobDigest: sha256:2b63267e387a8517593b9d3a8ac8e1310d2847c2fd5280acd0568fa0b6664e3a
        tags:
            - latest
            - 1.0.0
targets:
    margen:
        source: Margen Attack-Data API
        sourceNamespace: margen-attack-data-api
        sourceRevisionDigest: sha256:0bed76e2dcd4faf95bd464f83655a1f8fbd99d4612d259df87435bc3c7bc5787
        sourceBlobDigest: sha256:2b63267e387a8517593b9d3a8ac8e1310d2847c2fd5280acd0568fa0b6664e3a
        codeSamplesNamespace: margen-attack-data-api-python-code-samples
        codeSamplesRevisionDigest: sha256:6854f3a4f131917d79d210dc610a8e65d349af23c628d664f2a91b5582b96f0e
workflow:
    workflowVersion: 1.0.0
    speakeasyVersion: latest
    sources:
        Margen Attack-Data API:
            inputs:
                - location: ./openapi.json
            output: .speakeasy/out.openapi.yaml
            registry:
                location: registry.speakeasyapi.dev/margen/margen-api/margen-attack-data-api
    targets:
        margen:
            target: python
            source: Margen Attack-Data API
            codeSamples:
                registry:
                    location: registry.speakeasyapi.dev/margen/margen-api/margen-attack-data-api-python-code-samples
                labelOverride:
                    fixedValue: Python (SDK)
                blocking: false
