speakeasyVersion: 1.789.3
sources:
    Margen Attack-Data API:
        sourceNamespace: margen-attack-data-api
        sourceRevisionDigest: sha256:1fce25fb9f6da71bd2ebec63a3774ad632703f2afd11bfbd2c5290cf312a5187
        sourceBlobDigest: sha256:a265f54b21b3cfe42e4289c474a22dbde159f5729bd886a869a1494664bda20d
        tags:
            - latest
            - 1.0.0
targets:
    margen:
        source: Margen Attack-Data API
        sourceNamespace: margen-attack-data-api
        sourceRevisionDigest: sha256:1fce25fb9f6da71bd2ebec63a3774ad632703f2afd11bfbd2c5290cf312a5187
        sourceBlobDigest: sha256:a265f54b21b3cfe42e4289c474a22dbde159f5729bd886a869a1494664bda20d
        codeSamplesNamespace: margen-attack-data-api-python-code-samples
        codeSamplesRevisionDigest: sha256:d483fd1622f7851a3a8c400658e36ff40b19606ab838744b217e0b5b5feb53cb
workflow:
    workflowVersion: 1.0.0
    speakeasyVersion: latest
    sources:
        Margen Attack-Data API:
            inputs:
                - location: ./openapi.json
            output: .speakeasy/out.openapi.yaml
            registry:
                location: registry.speakeasyapi.dev/margen/margen-api/margen-attack-data-api
    targets:
        margen:
            target: python
            source: Margen Attack-Data API
            codeSamples:
                registry:
                    location: registry.speakeasyapi.dev/margen/margen-api/margen-attack-data-api-python-code-samples
                labelOverride:
                    fixedValue: Python (SDK)
                blocking: false
