speakeasyVersion: 1.788.1
sources:
    Margen Attack-Data API:
        sourceNamespace: margen-attack-data-api
        sourceRevisionDigest: sha256:84a480b95ce145c7a04641b8db744f1278ae1e3eebc32e749994200d5170b25b
        sourceBlobDigest: sha256:a78ccfae31e722ff8b9de41ff97b69ef5c4f7faa0cd5213e71c2ab70cdc299fc
        tags:
            - latest
            - 1.0.0
targets:
    margen:
        source: Margen Attack-Data API
        sourceNamespace: margen-attack-data-api
        sourceRevisionDigest: sha256:84a480b95ce145c7a04641b8db744f1278ae1e3eebc32e749994200d5170b25b
        sourceBlobDigest: sha256:a78ccfae31e722ff8b9de41ff97b69ef5c4f7faa0cd5213e71c2ab70cdc299fc
        codeSamplesNamespace: margen-attack-data-api-python-code-samples
        codeSamplesRevisionDigest: sha256:ecbe718542d27270f6969771933196f82f9d5e43132db6acd090619c6e71dd37
workflow:
    workflowVersion: 1.0.0
    speakeasyVersion: latest
    sources:
        Margen Attack-Data API:
            inputs:
                - location: ./openapi.json
            output: .speakeasy/out.openapi.yaml
            registry:
                location: registry.speakeasyapi.dev/margen/margen-api/margen-attack-data-api
    targets:
        margen:
            target: python
            source: Margen Attack-Data API
            codeSamples:
                registry:
                    location: registry.speakeasyapi.dev/margen/margen-api/margen-attack-data-api-python-code-samples
                labelOverride:
                    fixedValue: Python (SDK)
                blocking: false
